// !$*UTF8*$!
{
	archiveVersion = 1;
	classes = {
	};
	objectVersion = 46;
	objects = {

/* Begin PBXBuildFile section */
		C170D33B1A1A8B1600710730 /* Agent_factory.cpp in Sources */ = {isa = PBXBuildFile; fileRef = C170D31D1A1A8B1600710730 /* Agent_factory.cpp */; };
		C170D33C1A1A8B1600710730 /* Agent.cpp in Sources */ = {isa = PBXBuildFile; fileRef = C170D31F1A1A8B1600710730 /* Agent.cpp */; };
		C170D33D1A1A8B1600710730 /* Controller.cpp in Sources */ = {isa = PBXBuildFile; fileRef = C170D3211A1A8B1600710730 /* Controller.cpp */; };
		C170D33E1A1A8B1600710730 /* Farm.cpp in Sources */ = {isa = PBXBuildFile; fileRef = C170D3231A1A8B1600710730 /* Farm.cpp */; };
		C170D33F1A1A8B1600710730 /* Geometry.cpp in Sources */ = {isa = PBXBuildFile; fileRef = C170D3251A1A8B1600710730 /* Geometry.cpp */; };
		C170D3401A1A8B1600710730 /* Model.cpp in Sources */ = {isa = PBXBuildFile; fileRef = C170D3271A1A8B1600710730 /* Model.cpp */; };
		C170D3411A1A8B1600710730 /* Moving_object.cpp in Sources */ = {isa = PBXBuildFile; fileRef = C170D3291A1A8B1600710730 /* Moving_object.cpp */; };
		C170D3421A1A8B1600710730 /* Peasant.cpp in Sources */ = {isa = PBXBuildFile; fileRef = C170D32B1A1A8B1600710730 /* Peasant.cpp */; };
		C170D3431A1A8B1600710730 /* Sim_object.cpp in Sources */ = {isa = PBXBuildFile; fileRef = C170D32D1A1A8B1600710730 /* Sim_object.cpp */; };
		C170D3441A1A8B1600710730 /* Soldier.cpp in Sources */ = {isa = PBXBuildFile; fileRef = C170D32F1A1A8B1600710730 /* Soldier.cpp */; };
		C170D3451A1A8B1600710730 /* Structure_factory.cpp in Sources */ = {isa = PBXBuildFile; fileRef = C170D3311A1A8B1600710730 /* Structure_factory.cpp */; };
		C170D3461A1A8B1600710730 /* Structure.cpp in Sources */ = {isa = PBXBuildFile; fileRef = C170D3331A1A8B1600710730 /* Structure.cpp */; };
		C170D3471A1A8B1600710730 /* Town_Hall.cpp in Sources */ = {isa = PBXBuildFile; fileRef = C170D3351A1A8B1600710730 /* Town_Hall.cpp */; };
		C170D3481A1A8B1600710730 /* Utility.cpp in Sources */ = {isa = PBXBuildFile; fileRef = C170D3371A1A8B1600710730 /* Utility.cpp */; };
		C170D3491A1A8B1600710730 /* View.cpp in Sources */ = {isa = PBXBuildFile; fileRef = C170D3391A1A8B1600710730 /* View.cpp */; };
		C170D34C1A1A8C1800710730 /* p5_main.cpp in Sources */ = {isa = PBXBuildFile; fileRef = C170D34A1A1A8C1800710730 /* p5_main.cpp */; };
		C170D34F1A1BC40600710730 /* Views.cpp in Sources */ = {isa = PBXBuildFile; fileRef = C170D34D1A1BC40600710730 /* Views.cpp */; };
/* End PBXBuildFile section */

/* Begin PBXCopyFilesBuildPhase section */
		C170D3111A1A87E100710730 /* CopyFiles */ = {
			isa = PBXCopyFilesBuildPhase;
			buildActionMask = 2147483647;
			dstPath = /usr/share/man/man1/;
			dstSubfolderSpec = 0;
			files = (
			);
			runOnlyForDeploymentPostprocessing = 1;
		};
/* End PBXCopyFilesBuildPhase section */

/* Begin PBXFileReference section */
		C170D3131A1A87E100710730 /* Project5 */ = {isa = PBXFileReference; explicitFileType = "compiled.mach-o.executable"; includeInIndex = 0; path = Project5; sourceTree = BUILT_PRODUCTS_DIR; };
		C170D31D1A1A8B1600710730 /* Agent_factory.cpp */ = {isa = PBXFileReference; fileEncoding = 4; lastKnownFileType = sourcecode.cpp.cpp; path = Agent_factory.cpp; sourceTree = SOURCE_ROOT; };
		C170D31E1A1A8B1600710730 /* Agent_factory.h */ = {isa = PBXFileReference; fileEncoding = 4; lastKnownFileType = sourcecode.c.h; path = Agent_factory.h; sourceTree = SOURCE_ROOT; };
		C170D31F1A1A8B1600710730 /* Agent.cpp */ = {isa = PBXFileReference; fileEncoding = 4; lastKnownFileType = sourcecode.cpp.cpp; path = Agent.cpp; sourceTree = SOURCE_ROOT; };
		C170D3201A1A8B1600710730 /* Agent.h */ = {isa = PBXFileReference; fileEncoding = 4; lastKnownFileType = sourcecode.c.h; path = Agent.h; sourceTree = SOURCE_ROOT; };
		C170D3211A1A8B1600710730 /* Controller.cpp */ = {isa = PBXFileReference; fileEncoding = 4; lastKnownFileType = sourcecode.cpp.cpp; path = Controller.cpp; sourceTree = SOURCE_ROOT; };
		C170D3221A1A8B1600710730 /* Controller.h */ = {isa = PBXFileReference; fileEncoding = 4; lastKnownFileType = sourcecode.c.h; path = Controller.h; sourceTree = SOURCE_ROOT; };
		C170D3231A1A8B1600710730 /* Farm.cpp */ = {isa = PBXFileReference; fileEncoding = 4; lastKnownFileType = sourcecode.cpp.cpp; path = Farm.cpp; sourceTree = SOURCE_ROOT; };
		C170D3241A1A8B1600710730 /* Farm.h */ = {isa = PBXFileReference; fileEncoding = 4; lastKnownFileType = sourcecode.c.h; path = Farm.h; sourceTree = SOURCE_ROOT; };
		C170D3251A1A8B1600710730 /* Geometry.cpp */ = {isa = PBXFileReference; fileEncoding = 4; lastKnownFileType = sourcecode.cpp.cpp; path = Geometry.cpp; sourceTree = SOURCE_ROOT; };
		C170D3261A1A8B1600710730 /* Geometry.h */ = {isa = PBXFileReference; fileEncoding = 4; lastKnownFileType = sourcecode.c.h; path = Geometry.h; sourceTree = SOURCE_ROOT; };
		C170D3271A1A8B1600710730 /* Model.cpp */ = {isa = PBXFileReference; fileEncoding = 4; lastKnownFileType = sourcecode.cpp.cpp; path = Model.cpp; sourceTree = SOURCE_ROOT; };
		C170D3281A1A8B1600710730 /* Model.h */ = {isa = PBXFileReference; fileEncoding = 4; lastKnownFileType = sourcecode.c.h; path = Model.h; sourceTree = SOURCE_ROOT; };
		C170D3291A1A8B1600710730 /* Moving_object.cpp */ = {isa = PBXFileReference; fileEncoding = 4; lastKnownFileType = sourcecode.cpp.cpp; path = Moving_object.cpp; sourceTree = SOURCE_ROOT; };
		C170D32A1A1A8B1600710730 /* Moving_object.h */ = {isa = PBXFileReference; fileEncoding = 4; lastKnownFileType = sourcecode.c.h; path = Moving_object.h; sourceTree = SOURCE_ROOT; };
		C170D32B1A1A8B1600710730 /* Peasant.cpp */ = {isa = PBXFileReference; fileEncoding = 4; lastKnownFileType = sourcecode.cpp.cpp; path = Peasant.cpp; sourceTree = SOURCE_ROOT; };
		C170D32C1A1A8B1600710730 /* Peasant.h */ = {isa = PBXFileReference; fileEncoding = 4; lastKnownFileType = sourcecode.c.h; path = Peasant.h; sourceTree = SOURCE_ROOT; };
		C170D32D1A1A8B1600710730 /* Sim_object.cpp */ = {isa = PBXFileReference; fileEncoding = 4; lastKnownFileType = sourcecode.cpp.cpp; path = Sim_object.cpp; sourceTree = SOURCE_ROOT; };
		C170D32E1A1A8B1600710730 /* Sim_object.h */ = {isa = PBXFileReference; fileEncoding = 4; lastKnownFileType = sourcecode.c.h; path = Sim_object.h; sourceTree = SOURCE_ROOT; };
		C170D32F1A1A8B1600710730 /* Soldier.cpp */ = {isa = PBXFileReference; fileEncoding = 4; lastKnownFileType = sourcecode.cpp.cpp; path = Soldier.cpp; sourceTree = SOURCE_ROOT; };
		C170D3301A1A8B1600710730 /* Soldier.h */ = {isa = PBXFileReference; fileEncoding = 4; lastKnownFileType = sourcecode.c.h; path = Soldier.h; sourceTree = SOURCE_ROOT; };
		C170D3311A1A8B1600710730 /* Structure_factory.cpp */ = {isa = PBXFileReference; fileEncoding = 4; lastKnownFileType = sourcecode.cpp.cpp; path = Structure_factory.cpp; sourceTree = SOURCE_ROOT; };
		C170D3321A1A8B1600710730 /* Structure_factory.h */ = {isa = PBXFileReference; fileEncoding = 4; lastKnownFileType = sourcecode.c.h; path = Structure_factory.h; sourceTree = SOURCE_ROOT; };
		C170D3331A1A8B1600710730 /* Structure.cpp */ = {isa = PBXFileReference; fileEncoding = 4; lastKnownFileType = sourcecode.cpp.cpp; path = Structure.cpp; sourceTree = SOURCE_ROOT; };
		C170D3341A1A8B1600710730 /* Structure.h */ = {isa = PBXFileReference; fileEncoding = 4; lastKnownFileType = sourcecode.c.h; path = Structure.h; sourceTree = SOURCE_ROOT; };
		C170D3351A1A8B1600710730 /* Town_Hall.cpp */ = {isa = PBXFileReference; fileEncoding = 4; lastKnownFileType = sourcecode.cpp.cpp; path = Town_Hall.cpp; sourceTree = SOURCE_ROOT; };
		C170D3361A1A8B1600710730 /* Town_Hall.h */ = {isa = PBXFileReference; fileEncoding = 4; lastKnownFileType = sourcecode.c.h; path = Town_Hall.h; sourceTree = SOURCE_ROOT; };
		C170D3371A1A8B1600710730 /* Utility.cpp */ = {isa = PBXFileReference; fileEncoding = 4; lastKnownFileType = sourcecode.cpp.cpp; path = Utility.cpp; sourceTree = SOURCE_ROOT; };
		C170D3381A1A8B1600710730 /* Utility.h */ = {isa = PBXFileReference; fileEncoding = 4; lastKnownFileType = sourcecode.c.h; path = Utility.h; sourceTree = SOURCE_ROOT; };
		C170D3391A1A8B1600710730 /* View.cpp */ = {isa = PBXFileReference; fileEncoding = 4; lastKnownFileType = sourcecode.cpp.cpp; path = View.cpp; sourceTree = SOURCE_ROOT; };
		C170D33A1A1A8B1600710730 /* View.h */ = {isa = PBXFileReference; fileEncoding = 4; lastKnownFileType = sourcecode.c.h; path = View.h; sourceTree = SOURCE_ROOT; };
		C170D34A1A1A8C1800710730 /* p5_main.cpp */ = {isa = PBXFileReference; fileEncoding = 4; lastKnownFileType = sourcecode.cpp.cpp; path = p5_main.cpp; sourceTree = SOURCE_ROOT; };
		C170D34B1A1A8C1800710730 /* strings.txt */ = {isa = PBXFileReference; fileEncoding = 4; lastKnownFileType = text; path = strings.txt; sourceTree = SOURCE_ROOT; };
		C170D34D1A1BC40600710730 /* Views.cpp */ = {isa = PBXFileReference; fileEncoding = 4; lastKnownFileType = sourcecode.cpp.cpp; path = Views.cpp; sourceTree = SOURCE_ROOT; };
		C170D34E1A1BC40600710730 /* Views.h */ = {isa = PBXFileReference; fileEncoding = 4; lastKnownFileType = sourcecode.c.h; path = Views.h; sourceTree = SOURCE_ROOT; };
/* End PBXFileReference section */

/* Begin PBXFrameworksBuildPhase section */
		C170D3101A1A87E100710730 /* Frameworks */ = {
			isa = PBXFrameworksBuildPhase;
			buildActionMask = 2147483647;
			files = (
			);
			runOnlyForDeploymentPostprocessing = 0;
		};
/* End PBXFrameworksBuildPhase section */

/* Begin PBXGroup section */
		C170D30A1A1A87E100710730 = {
			isa = PBXGroup;
			children = (
				C170D3151A1A87E100710730 /* Project5 */,
				C170D3141A1A87E100710730 /* Products */,
			);
			sourceTree = "<group>";
		};
		C170D3141A1A87E100710730 /* Products */ = {
			isa = PBXGroup;
			children = (
				C170D3131A1A87E100710730 /* Project5 */,
			);
			name = Products;
			sourceTree = "<group>";
		};
		C170D3151A1A87E100710730 /* Project5 */ = {
			isa = PBXGroup;
			children = (
				C170D31D1A1A8B1600710730 /* Agent_factory.cpp */,
				C170D31E1A1A8B1600710730 /* Agent_factory.h */,
				C170D31F1A1A8B1600710730 /* Agent.cpp */,
				C170D3201A1A8B1600710730 /* Agent.h */,
				C170D3211A1A8B1600710730 /* Controller.cpp */,
				C170D3221A1A8B1600710730 /* Controller.h */,
				C170D3231A1A8B1600710730 /* Farm.cpp */,
				C170D3241A1A8B1600710730 /* Farm.h */,
				C170D3251A1A8B1600710730 /* Geometry.cpp */,
				C170D3261A1A8B1600710730 /* Geometry.h */,
				C170D3271A1A8B1600710730 /* Model.cpp */,
				C170D3281A1A8B1600710730 /* Model.h */,
				C170D3291A1A8B1600710730 /* Moving_object.cpp */,
				C170D32A1A1A8B1600710730 /* Moving_object.h */,
				C170D32B1A1A8B1600710730 /* Peasant.cpp */,
				C170D32C1A1A8B1600710730 /* Peasant.h */,
				C170D34A1A1A8C1800710730 /* p5_main.cpp */,
				C170D32D1A1A8B1600710730 /* Sim_object.cpp */,
				C170D32E1A1A8B1600710730 /* Sim_object.h */,
				C170D32F1A1A8B1600710730 /* Soldier.cpp */,
				C170D3301A1A8B1600710730 /* Soldier.h */,
				C170D34B1A1A8C1800710730 /* strings.txt */,
				C170D3311A1A8B1600710730 /* Structure_factory.cpp */,
				C170D3321A1A8B1600710730 /* Structure_factory.h */,
				C170D3331A1A8B1600710730 /* Structure.cpp */,
				C170D3341A1A8B1600710730 /* Structure.h */,
				C170D3351A1A8B1600710730 /* Town_Hall.cpp */,
				C170D3361A1A8B1600710730 /* Town_Hall.h */,
				C170D3371A1A8B1600710730 /* Utility.cpp */,
				C170D3381A1A8B1600710730 /* Utility.h */,
				C170D33A1A1A8B1600710730 /* View.h */,
				C170D3391A1A8B1600710730 /* View.cpp */,
				C170D34E1A1BC40600710730 /* Views.h */,
				C170D34D1A1BC40600710730 /* Views.cpp */,
			);
			path = Project5;
			sourceTree = "<group>";
		};
/* End PBXGroup section */

/* Begin PBXNativeTarget section */
		C170D3121A1A87E100710730 /* Project5 */ = {
			isa = PBXNativeTarget;
			buildConfigurationList = C170D31A1A1A87E100710730 /* Build configuration list for PBXNativeTarget "Project5" */;
			buildPhases = (
				C170D30F1A1A87E100710730 /* Sources */,
				C170D3101A1A87E100710730 /* Frameworks */,
				C170D3111A1A87E100710730 /* CopyFiles */,
			);
			buildRules = (
			);
			dependencies = (
			);
			name = Project5;
			productName = Project5;
			productReference = C170D3131A1A87E100710730 /* Project5 */;
			productType = "com.apple.product-type.tool";
		};
/* End PBXNativeTarget section */

/* Begin PBXProject section */
		C170D30B1A1A87E100710730 /* Project object */ = {
			isa = PBXProject;
			attributes = {
				LastUpgradeCheck = 0610;
				ORGANIZATIONNAME = EECS381;
				TargetAttributes = {
					C170D3121A1A87E100710730 = {
						CreatedOnToolsVersion = 6.1;
					};
				};
			};
			buildConfigurationList = C170D30E1A1A87E100710730 /* Build configuration list for PBXProject "Project5" */;
			compatibilityVersion = "Xcode 3.2";
			developmentRegion = English;
			hasScannedForEncodings = 0;
			knownRegions = (
				en,
			);
			mainGroup = C170D30A1A1A87E100710730;
			productRefGroup = C170D3141A1A87E100710730 /* Products */;
			projectDirPath = "";
			projectRoot = "";
			targets = (
				C170D3121A1A87E100710730 /* Project5 */,
			);
		};
/* End PBXProject section */

/* Begin PBXSourcesBuildPhase section */
		C170D30F1A1A87E100710730 /* Sources */ = {
			isa = PBXSourcesBuildPhase;
			buildActionMask = 2147483647;
			files = (
				C170D34F1A1BC40600710730 /* Views.cpp in Sources */,
				C170D3481A1A8B1600710730 /* Utility.cpp in Sources */,
				C170D3421A1A8B1600710730 /* Peasant.cpp in Sources */,
				C170D33B1A1A8B1600710730 /* Agent_factory.cpp in Sources */,
				C170D33D1A1A8B1600710730 /* Controller.cpp in Sources */,
				C170D3461A1A8B1600710730 /* Structure.cpp in Sources */,
				C170D34C1A1A8C1800710730 /* p5_main.cpp in Sources */,
				C170D3411A1A8B1600710730 /* Moving_object.cpp in Sources */,
				C170D3441A1A8B1600710730 /* Soldier.cpp in Sources */,
				C170D33F1A1A8B1600710730 /* Geometry.cpp in Sources */,
				C170D3471A1A8B1600710730 /* Town_Hall.cpp in Sources */,
				C170D3491A1A8B1600710730 /* View.cpp in Sources */,
				C170D3451A1A8B1600710730 /* Structure_factory.cpp in Sources */,
				C170D3401A1A8B1600710730 /* Model.cpp in Sources */,
				C170D33C1A1A8B1600710730 /* Agent.cpp in Sources */,
				C170D33E1A1A8B1600710730 /* Farm.cpp in Sources */,
				C170D3431A1A8B1600710730 /* Sim_object.cpp in Sources */,
			);
			runOnlyForDeploymentPostprocessing = 0;
		};
/* End PBXSourcesBuildPhase section */

/* Begin XCBuildConfiguration section */
		C170D3181A1A87E100710730 /* Debug */ = {
			isa = XCBuildConfiguration;
			buildSettings = {
				ALWAYS_SEARCH_USER_PATHS = NO;
				CLANG_CXX_LANGUAGE_STANDARD = "gnu++0x";
				CLANG_CXX_LIBRARY = "libc++";
				CLANG_ENABLE_MODULES = YES;
				CLANG_ENABLE_OBJC_ARC = YES;
				CLANG_WARN_BOOL_CONVERSION = YES;
				CLANG_WARN_CONSTANT_CONVERSION = YES;
				CLANG_WARN_DIRECT_OBJC_ISA_USAGE = YES_ERROR;
				CLANG_WARN_EMPTY_BODY = YES;
				CLANG_WARN_ENUM_CONVERSION = YES;
				CLANG_WARN_INT_CONVERSION = YES;
				CLANG_WARN_OBJC_ROOT_CLASS = YES_ERROR;
				CLANG_WARN_UNREACHABLE_CODE = YES;
				CLANG_WARN__DUPLICATE_METHOD_MATCH = YES;
				COPY_PHASE_STRIP = NO;
				ENABLE_STRICT_OBJC_MSGSEND = YES;
				GCC_C_LANGUAGE_STANDARD = gnu99;
				GCC_DYNAMIC_NO_PIC = NO;
				GCC_OPTIMIZATION_LEVEL = 0;
				GCC_PREPROCESSOR_DEFINITIONS = (
					"DEBUG=1",
					"$(inherited)",
				);
				GCC_SYMBOLS_PRIVATE_EXTERN = NO;
				GCC_WARN_64_TO_32_BIT_CONVERSION = YES;
				GCC_WARN_ABOUT_RETURN_TYPE = YES_ERROR;
				GCC_WARN_UNDECLARED_SELECTOR = YES;
				GCC_WARN_UNINITIALIZED_AUTOS = YES_AGGRESSIVE;
				GCC_WARN_UNUSED_FUNCTION = YES;
				GCC_WARN_UNUSED_VARIABLE = YES;
				MACOSX_DEPLOYMENT_TARGET = 10.10;
				MTL_ENABLE_DEBUG_INFO = YES;
				ONLY_ACTIVE_ARCH = YES;
				SDKROOT = macosx;
			};
			name = Debug;
		};
		C170D3191A1A87E100710730 /* Release */ = {
			isa = XCBuildConfiguration;
			buildSettings = {
				ALWAYS_SEARCH_USER_PATHS = NO;
				CLANG_CXX_LANGUAGE_STANDARD = "gnu++0x";
				CLANG_CXX_LIBRARY = "libc++";
				CLANG_ENABLE_MODULES = YES;
				CLANG_ENABLE_OBJC_ARC = YES;
				CLANG_WARN_BOOL_CONVERSION = YES;
				CLANG_WARN_CONSTANT_CONVERSION = YES;
				CLANG_WARN_DIRECT_OBJC_ISA_USAGE = YES_ERROR;
				CLANG_WARN_EMPTY_BODY = YES;
				CLANG_WARN_ENUM_CONVERSION = YES;
				CLANG_WARN_INT_CONVERSION = YES;
				CLANG_WARN_OBJC_ROOT_CLASS = YES_ERROR;
				CLANG_WARN_UNREACHABLE_CODE = YES;
				CLANG_WARN__DUPLICATE_METHOD_MATCH = YES;
				COPY_PHASE_STRIP = YES;
				DEBUG_INFORMATION_FORMAT = "dwarf-with-dsym";
				ENABLE_NS_ASSERTIONS = NO;
				ENABLE_STRICT_OBJC_MSGSEND = YES;
				GCC_C_LANGUAGE_STANDARD = gnu99;
				GCC_WARN_64_TO_32_BIT_CONVERSION = YES;
				GCC_WARN_ABOUT_RETURN_TYPE = YES_ERROR;
				GCC_WARN_UNDECLARED_SELECTOR = YES;
				GCC_WARN_UNINITIALIZED_AUTOS = YES_AGGRESSIVE;
				GCC_WARN_UNUSED_FUNCTION = YES;
				GCC_WARN_UNUSED_VARIABLE = YES;
				MACOSX_DEPLOYMENT_TARGET = 10.10;
				MTL_ENABLE_DEBUG_INFO = NO;
				SDKROOT = macosx;
			};
			name = Release;
		};
		C170D31B1A1A87E100710730 /* Debug */ = {
			isa = XCBuildConfiguration;
			buildSettings = {
				CLANG_CXX_LANGUAGE_STANDARD = "c++0x";
				CLANG_WARN_ASSIGN_ENUM = YES;
				CLANG_WARN_IMPLICIT_SIGN_CONVERSION = NO;
				CLANG_WARN_SUSPICIOUS_IMPLICIT_CONVERSION = YES;
				GCC_C_LANGUAGE_STANDARD = c89;
				GCC_OPTIMIZATION_LEVEL = 0;
				GCC_TREAT_IMPLICIT_FUNCTION_DECLARATIONS_AS_ERRORS = YES;
				GCC_TREAT_INCOMPATIBLE_POINTER_TYPE_WARNINGS_AS_ERRORS = YES;
				GCC_TREAT_WARNINGS_AS_ERRORS = YES;
				GCC_WARN_ABOUT_MISSING_FIELD_INITIALIZERS = YES;
				GCC_WARN_ABOUT_MISSING_NEWLINE = YES;
				GCC_WARN_ABOUT_MISSING_PROTOTYPES = YES;
				GCC_WARN_PEDANTIC = YES;
				GCC_WARN_SIGN_COMPARE = YES;
				GCC_WARN_UNUSED_PARAMETER = NO;
				ONLY_ACTIVE_ARCH = YES;
				PRODUCT_NAME = "$(TARGET_NAME)";
			};
			name = Debug;
		};
		C170D31C1A1A87E100710730 /* Release */ = {
			isa = XCBuildConfiguration;
			buildSettings = {
				CLANG_CXX_LANGUAGE_STANDARD = "c++0x";
				CLANG_WARN_ASSIGN_ENUM = YES;
				CLANG_WARN_IMPLICIT_SIGN_CONVERSION = NO;
				CLANG_WARN_SUSPICIOUS_IMPLICIT_CONVERSION = YES;
				GCC_C_LANGUAGE_STANDARD = c89;
				GCC_OPTIMIZATION_LEVEL = 0;
				GCC_TREAT_IMPLICIT_FUNCTION_DECLARATIONS_AS_ERRORS = YES;
				GCC_TREAT_INCOMPATIBLE_POINTER_TYPE_WARNINGS_AS_ERRORS = YES;
				GCC_TREAT_WARNINGS_AS_ERRORS = YES;
				GCC_WARN_ABOUT_MISSING_FIELD_INITIALIZERS = YES;
				GCC_WARN_ABOUT_MISSING_NEWLINE = YES;
				GCC_WARN_ABOUT_MISSING_PROTOTYPES = YES;
				GCC_WARN_PEDANTIC = YES;
				GCC_WARN_SIGN_COMPARE = YES;
				GCC_WARN_UNUSED_PARAMETER = NO;
				ONLY_ACTIVE_ARCH = YES;
				PRODUCT_NAME = "$(TARGET_NAME)";
			};
			name = Release;
		};
/* End XCBuildConfiguration section */

/* Begin XCConfigurationList section */
		C170D30E1A1A87E100710730 /* Build configuration list for PBXProject "Project5" */ = {
			isa = XCConfigurationList;
			buildConfigurations = (
				C170D3181A1A87E100710730 /* Debug */,
				C170D3191A1A87E100710730 /* Release */,
			);
			defaultConfigurationIsVisible = 0;
			defaultConfigurationName = Release;
		};
		C170D31A1A1A87E100710730 /* Build configuration list for PBXNativeTarget "Project5" */ = {
			isa = XCConfigurationList;
			buildConfigurations = (
				C170D31B1A1A87E100710730 /* Debug */,
				C170D31C1A1A87E100710730 /* Release */,
			);
			defaultConfigurationIsVisible = 0;
		};
/* End XCConfigurationList section */
	};
	rootObject = C170D30B1A1A87E100710730 /* Project object */;
}
